
Microsoft Visual Studio Solution File, Format Version 12.00
# Visual Studio Version 17
VisualStudioVersion = 17.8.34330.188
MinimumVisualStudioVersion = 10.0.40219.1
Project("{FAE04EC0-301F-11D3-BF4B-00C04F79EFBC}") = "SnackClassic", "SnackClassic.csproj", "{1F430FDA-88C2-4A67-847D-FC0A06040CFA}"
EndProject
Global
	GlobalSection(SolutionConfigurationPlatforms) = preSolution
		Debug|Any CPU = Debug|Any CPU
		Release|Any CPU = Release|Any CPU
	EndGlobalSection
	GlobalSection(ProjectConfigurationPlatforms) = postSolution
		{1F430FDA-88C2-4A67-847D-FC0A06040CFA}.Debug|Any CPU.ActiveCfg = Debug|Any CPU
		{1F430FDA-88C2-4A67-847D-FC0A06040CFA}.Debug|Any CPU.Build.0 = Debug|Any CPU
		{1F430FDA-88C2-4A67-847D-FC0A06040CFA}.Release|Any CPU.ActiveCfg = Release|Any CPU
		{1F430FDA-88C2-4A67-847D-FC0A06040CFA}.Release|Any CPU.Build.0 = Release|Any CPU
	EndGlobalSection
	GlobalSection(SolutionProperties) = preSolution
		HideSolutionNode = FALSE
	EndGlobalSection
	GlobalSection(ExtensibilityGlobals) = postSolution
		SolutionGuid = {23AE2867-9033-4EF8-BC3B-7EEB43876A72}
	EndGlobalSection
EndGlobal
